
Microsoft Visual Studio Solution File, Format Version 12.00
# Visual Studio Version 17
VisualStudioVersion = 17.13.35931.197 d17.13
MinimumVisualStudioVersion = 10.0.40219.1
Project("{FAE04EC0-301F-11D3-BF4B-00C04F79EFBC}") = "Лаба 8", "Лаба 8.csproj", "{16FA2316-382A-4833-A8A1-D92D7F0E211E}"
EndProject
Global
	GlobalSection(SolutionConfigurationPlatforms) = preSolution
		Debug|Any CPU = Debug|Any CPU
		Release|Any CPU = Release|Any CPU
	EndGlobalSection
	GlobalSection(ProjectConfigurationPlatforms) = postSolution
		{16FA2316-382A-4833-A8A1-D92D7F0E211E}.Debug|Any CPU.ActiveCfg = Debug|Any CPU
		{16FA2316-382A-4833-A8A1-D92D7F0E211E}.Debug|Any CPU.Build.0 = Debug|Any CPU
		{16FA2316-382A-4833-A8A1-D92D7F0E211E}.Release|Any CPU.ActiveCfg = Release|Any CPU
		{16FA2316-382A-4833-A8A1-D92D7F0E211E}.Release|Any CPU.Build.0 = Release|Any CPU
	EndGlobalSection
	GlobalSection(SolutionProperties) = preSolution
		HideSolutionNode = FALSE
	EndGlobalSection
	GlobalSection(ExtensibilityGlobals) = postSolution
		SolutionGuid = {17940BDE-6CAE-4871-9E82-DDEEFBC6001B}
	EndGlobalSection
EndGlobal
