
Microsoft Visual Studio Solution File, Format Version 12.00
# Visual Studio Version 17
VisualStudioVersion = 17.13.35931.197 d17.13
MinimumVisualStudioVersion = 10.0.40219.1
Project("{FAE04EC0-301F-11D3-BF4B-00C04F79EFBC}") = "Лаба 2", "Лаба 2.csproj", "{BB724DAF-407D-4F23-9D25-CD2BA1F022B5}"
EndProject
Global
	GlobalSection(SolutionConfigurationPlatforms) = preSolution
		Debug|Any CPU = Debug|Any CPU
		Release|Any CPU = Release|Any CPU
	EndGlobalSection
	GlobalSection(ProjectConfigurationPlatforms) = postSolution
		{BB724DAF-407D-4F23-9D25-CD2BA1F022B5}.Debug|Any CPU.ActiveCfg = Debug|Any CPU
		{BB724DAF-407D-4F23-9D25-CD2BA1F022B5}.Debug|Any CPU.Build.0 = Debug|Any CPU
		{BB724DAF-407D-4F23-9D25-CD2BA1F022B5}.Release|Any CPU.ActiveCfg = Release|Any CPU
		{BB724DAF-407D-4F23-9D25-CD2BA1F022B5}.Release|Any CPU.Build.0 = Release|Any CPU
	EndGlobalSection
	GlobalSection(SolutionProperties) = preSolution
		HideSolutionNode = FALSE
	EndGlobalSection
	GlobalSection(ExtensibilityGlobals) = postSolution
		SolutionGuid = {BE7AD8FF-6C7F-406D-B579-32A15A6CC5C6}
	EndGlobalSection
EndGlobal
